PODS:
  - JLChatViewController (2.0.1)

DEPENDENCIES:
  - JLChatViewController (from `../`)

EXTERNAL SOURCES:
  JLChatViewController:
    :path: "../"

SPEC CHECKSUMS:
  JLChatViewController: 81a3d2671f2a8f9b0f672d6fcd739bf802de20dd

PODFILE CHECKSUM: d54fd7e5dd0601c8fe8410707c771df4adfc282a

COCOAPODS: 1.0.1
